
Microsoft Visual Studio Solution File, Format Version 12.00
# Visual Studio Version 17
VisualStudioVersion = 17.12.35527.113 d17.12
MinimumVisualStudioVersion = 10.0.40219.1
Project("{FAE04EC0-301F-11D3-BF4B-00C04F79EFBC}") = "Part01", "Part01\Part01.csproj", "{8D54D609-93A7-42B4-BBAA-897CD14339B3}"
EndProject
Project("{FAE04EC0-301F-11D3-BF4B-00C04F79EFBC}") = "common", "common\common.csproj", "{243A326B-807E-4677-A43B-0606F3374DBE}"
EndProject
Global
	GlobalSection(SolutionConfigurationPlatforms) = preSolution
		Debug|Any CPU = Debug|Any CPU
		Release|Any CPU = Release|Any CPU
	EndGlobalSection
	GlobalSection(ProjectConfigurationPlatforms) = postSolution
		{8D54D609-93A7-42B4-BBAA-897CD14339B3}.Debug|Any CPU.ActiveCfg = Debug|Any CPU
		{8D54D609-93A7-42B4-BBAA-897CD14339B3}.Debug|Any CPU.Build.0 = Debug|Any CPU
		{8D54D609-93A7-42B4-BBAA-897CD14339B3}.Release|Any CPU.ActiveCfg = Release|Any CPU
		{8D54D609-93A7-42B4-BBAA-897CD14339B3}.Release|Any CPU.Build.0 = Release|Any CPU
		{243A326B-807E-4677-A43B-0606F3374DBE}.Debug|Any CPU.ActiveCfg = Debug|Any CPU
		{243A326B-807E-4677-A43B-0606F3374DBE}.Debug|Any CPU.Build.0 = Debug|Any CPU
		{243A326B-807E-4677-A43B-0606F3374DBE}.Release|Any CPU.ActiveCfg = Release|Any CPU
		{243A326B-807E-4677-A43B-0606F3374DBE}.Release|Any CPU.Build.0 = Release|Any CPU
	EndGlobalSection
	GlobalSection(SolutionProperties) = preSolution
		HideSolutionNode = FALSE
	EndGlobalSection
EndGlobal
